// !$*UTF8*$!
{
	archiveVersion = 1;
	classes = {
	};
	objectVersion = 46;
	objects = {

/* Begin PBXBuildFile section */
		5E5C185B1DA2925600C6151A /* AppDelegate.swift in Sources */ = {isa = PBXBuildFile; fileRef = 5E5C185A1DA2925600C6151A /* AppDelegate.swift */; };
		5E5C185D1DA2925600C6151A /* ViewController.swift in Sources */ = {isa = PBXBuildFile; fileRef = 5E5C185C1DA2925600C6151A /* ViewController.swift */; };
		5E5C185F1DA2925600C6151A /* Assets.xcassets in Resources */ = {isa = PBXBuildFile; fileRef = 5E5C185E1DA2925600C6151A /* Assets.xcassets */; };
		5E5C18621DA2925600C6151A /* Main.storyboard in Resources */ = {isa = PBXBuildFile; fileRef = 5E5C18601DA2925600C6151A /* Main.storyboard */; };
		5E5C186D1DA2925700C6151A /* HelloWorldTests.swift in Sources */ = {isa = PBXBuildFile; fileRef = 5E5C186C1DA2925700C6151A /* HelloWorldTests.swift */; };
		5E5C18781DA2925700C6151A /* HelloWorldUITests.swift in Sources */ = {isa = PBXBuildFile; fileRef = 5E5C18771DA2925700C6151A /* HelloWorldUITests.swift */; };
/* End PBXBuildFile section */

/* Begin PBXContainerItemProxy section */
		5E5C18691DA2925700C6151A /* PBXContainerItemProxy */ = {
			isa = PBXContainerItemProxy;
			containerPortal = 5E5C184F1DA2925600C6151A /* Project object */;
			proxyType = 1;
			remoteGlobalIDString = 5E5C18561DA2925600C6151A;
			remoteInfo = HelloWorld;
		};
		5E5C18741DA2925700C6151A /* PBXContainerItemProxy */ = {
			isa = PBXContainerItemProxy;
			containerPortal = 5E5C184F1DA2925600C6151A /* Project object */;
			proxyType = 1;
			remoteGlobalIDString = 5E5C18561DA2925600C6151A;
			remoteInfo = HelloWorld;
		};
/* End PBXContainerItemProxy section */

/* Begin PBXFileReference section */
		5E5C18571DA2925600C6151A /* HelloWorld.app */ = {isa = PBXFileReference; explicitFileType = wrapper.application; includeInIndex = 0; path = HelloWorld.app; sourceTree = BUILT_PRODUCTS_DIR; };
		5E5C185A1DA2925600C6151A /* AppDelegate.swift */ = {isa = PBXFileReference; lastKnownFileType = sourcecode.swift; path = AppDelegate.swift; sourceTree = "<group>"; };
		5E5C185C1DA2925600C6151A /* ViewController.swift */ = {isa = PBXFileReference; lastKnownFileType = sourcecode.swift; path = ViewController.swift; sourceTree = "<group>"; };
		5E5C185E1DA2925600C6151A /* Assets.xcassets */ = {isa = PBXFileReference; lastKnownFileType = folder.assetcatalog; path = Assets.xcassets; sourceTree = "<group>"; };
		5E5C18611DA2925600C6151A /* Base */ = {isa = PBXFileReference; lastKnownFileType = file.storyboard; name = Base; path = Base.lproj/Main.storyboard; sourceTree = "<group>"; };
		5E5C18631DA2925600C6151A /* Info.plist */ = {isa = PBXFileReference; lastKnownFileType = text.plist.xml; path = Info.plist; sourceTree = "<group>"; };
		5E5C18681DA2925700C6151A /* HelloWorldTests.xctest */ = {isa = PBXFileReference; explicitFileType = wrapper.cfbundle; includeInIndex = 0; path = HelloWorldTests.xctest; sourceTree = BUILT_PRODUCTS_DIR; };
		5E5C186C1DA2925700C6151A /* HelloWorldTests.swift */ = {isa = PBXFileReference; lastKnownFileType = sourcecode.swift; path = HelloWorldTests.swift; sourceTree = "<group>"; };
		5E5C186E1DA2925700C6151A /* Info.plist */ = {isa = PBXFileReference; lastKnownFileType = text.plist.xml; path = Info.plist; sourceTree = "<group>"; };
		5E5C18731DA2925700C6151A /* HelloWorldUITests.xctest */ = {isa = PBXFileReference; explicitFileType = wrapper.cfbundle; includeInIndex = 0; path = HelloWorldUITests.xctest; sourceTree = BUILT_PRODUCTS_DIR; };
		5E5C18771DA2925700C6151A /* HelloWorldUITests.swift */ = {isa = PBXFileReference; lastKnownFileType = sourcecode.swift; path = HelloWorldUITests.swift; sourceTree = "<group>"; };
		5E5C18791DA2925700C6151A /* Info.plist */ = {isa = PBXFileReference; lastKnownFileType = text.plist.xml; path = Info.plist; sourceTree = "<group>"; };
/* End PBXFileReference section */

/* Begin PBXFrameworksBuildPhase section */
		5E5C18541DA2925600C6151A /* Frameworks */ = {
			isa = PBXFrameworksBuildPhase;
			buildActionMask = 2147483647;
			files = (
			);
			runOnlyForDeploymentPostprocessing = 0;
		};
		5E5C18651DA2925700C6151A /* Frameworks */ = {
			isa = PBXFrameworksBuildPhase;
			buildActionMask = 2147483647;
			files = (
			);
			runOnlyForDeploymentPostprocessing = 0;
		};
		5E5C18701DA2925700C6151A /* Frameworks */ = {
			isa = PBXFrameworksBuildPhase;
			buildActionMask = 2147483647;
			files = (
			);
			runOnlyForDeploymentPostprocessing = 0;
		};
/* End PBXFrameworksBuildPhase section */

/* Begin PBXGroup section */
		5E5C184E1DA2925600C6151A = {
			isa = PBXGroup;
			children = (
				5E5C18591DA2925600C6151A /* HelloWorld */,
				5E5C186B1DA2925700C6151A /* HelloWorldTests */,
				5E5C18761DA2925700C6151A /* HelloWorldUITests */,
				5E5C18581DA2925600C6151A /* Products */,
			);
			sourceTree = "<group>";
		};
		5E5C18581DA2925600C6151A /* Products */ = {
			isa = PBXGroup;
			children = (
				5E5C18571DA2925600C6151A /* HelloWorld.app */,
				5E5C18681DA2925700C6151A /* HelloWorldTests.xctest */,
				5E5C18731DA2925700C6151A /* HelloWorldUITests.xctest */,
			);
			name = Products;
			sourceTree = "<group>";
		};
		5E5C18591DA2925600C6151A /* HelloWorld */ = {
			isa = PBXGroup;
			children = (
				5E5C185A1DA2925600C6151A /* AppDelegate.swift */,
				5E5C185C1DA2925600C6151A /* ViewController.swift */,
				5E5C185E1DA2925600C6151A /* Assets.xcassets */,
				5E5C18601DA2925600C6151A /* Main.storyboard */,
				5E5C18631DA2925600C6151A /* Info.plist */,
			);
			path = HelloWorld;
			sourceTree = "<group>";
		};
		5E5C186B1DA2925700C6151A /* HelloWorldTests */ = {
			isa = PBXGroup;
			children = (
				5E5C186C1DA2925700C6151A /* HelloWorldTests.swift */,
				5E5C186E1DA2925700C6151A /* Info.plist */,
			);
			path = HelloWorldTests;
			sourceTree = "<group>";
		};
		5E5C18761DA2925700C6151A /* HelloWorldUITests */ = {
			isa = PBXGroup;
			children = (
				5E5C18771DA2925700C6151A /* HelloWorldUITests.swift */,
				5E5C18791DA2925700C6151A /* Info.plist */,
			);
			path = HelloWorldUITests;
			sourceTree = "<group>";
		};
/* End PBXGroup section */

/* Begin PBXNativeTarget section */
		5E5C18561DA2925600C6151A /* HelloWorld */ = {
			isa = PBXNativeTarget;
			buildConfigurationList = 5E5C187C1DA2925700C6151A /* Build configuration list for PBXNativeTarget "HelloWorld" */;
			buildPhases = (
				5E5C18531DA2925600C6151A /* Sources */,
				5E5C18541DA2925600C6151A /* Frameworks */,
				5E5C18551DA2925600C6151A /* Resources */,
			);
			buildRules = (
			);
			dependencies = (
			);
			name = HelloWorld;
			productName = HelloWorld;
			productReference = 5E5C18571DA2925600C6151A /* HelloWorld.app */;
			productType = "com.apple.product-type.application";
		};
		5E5C18671DA2925700C6151A /* HelloWorldTests */ = {
			isa = PBXNativeTarget;
			buildConfigurationList = 5E5C187F1DA2925700C6151A /* Build configuration list for PBXNativeTarget "HelloWorldTests" */;
			buildPhases = (
				5E5C18641DA2925700C6151A /* Sources */,
				5E5C18651DA2925700C6151A /* Frameworks */,
				5E5C18661DA2925700C6151A /* Resources */,
			);
			buildRules = (
			);
			dependencies = (
				5E5C186A1DA2925700C6151A /* PBXTargetDependency */,
			);
			name = HelloWorldTests;
			productName = HelloWorldTests;
			productReference = 5E5C18681DA2925700C6151A /* HelloWorldTests.xctest */;
			productType = "com.apple.product-type.bundle.unit-test";
		};
		5E5C18721DA2925700C6151A /* HelloWorldUITests */ = {
			isa = PBXNativeTarget;
			buildConfigurationList = 5E5C18821DA2925700C6151A /* Build configuration list for PBXNativeTarget "HelloWorldUITests" */;
			buildPhases = (
				5E5C186F1DA2925700C6151A /* Sources */,
				5E5C18701DA2925700C6151A /* Frameworks */,
				5E5C18711DA2925700C6151A /* Resources */,
			);
			buildRules = (
			);
			dependencies = (
				5E5C18751DA2925700C6151A /* PBXTargetDependency */,
			);
			name = HelloWorldUITests;
			productName = HelloWorldUITests;
			productReference = 5E5C18731DA2925700C6151A /* HelloWorldUITests.xctest */;
			productType = "com.apple.product-type.bundle.ui-testing";
		};
/* End PBXNativeTarget section */

/* Begin PBXProject section */
		5E5C184F1DA2925600C6151A /* Project object */ = {
			isa = PBXProject;
			attributes = {
				LastSwiftUpdateCheck = 0720;
				LastUpgradeCheck = 0720;
				ORGANIZATIONNAME = "Mirim Girls' Information Science High school";
				TargetAttributes = {
					5E5C18561DA2925600C6151A = {
						CreatedOnToolsVersion = 7.2;
					};
					5E5C18671DA2925700C6151A = {
						CreatedOnToolsVersion = 7.2;
						TestTargetID = 5E5C18561DA2925600C6151A;
					};
					5E5C18721DA2925700C6151A = {
						CreatedOnToolsVersion = 7.2;
						TestTargetID = 5E5C18561DA2925600C6151A;
					};
				};
			};
			buildConfigurationList = 5E5C18521DA2925600C6151A /* Build configuration list for PBXProject "HelloWorld" */;
			compatibilityVersion = "Xcode 3.2";
			developmentRegion = English;
			hasScannedForEncodings = 0;
			knownRegions = (
				en,
				Base,
			);
			mainGroup = 5E5C184E1DA2925600C6151A;
			productRefGroup = 5E5C18581DA2925600C6151A /* Products */;
			projectDirPath = "";
			projectRoot = "";
			targets = (
				5E5C18561DA2925600C6151A /* HelloWorld */,
				5E5C18671DA2925700C6151A /* HelloWorldTests */,
				5E5C18721DA2925700C6151A /* HelloWorldUITests */,
			);
		};
/* End PBXProject section */

/* Begin PBXResourcesBuildPhase section */
		5E5C18551DA2925600C6151A /* Resources */ = {
			isa = PBXResourcesBuildPhase;
			buildActionMask = 2147483647;
			files = (
				5E5C185F1DA2925600C6151A /* Assets.xcassets in Resources */,
				5E5C18621DA2925600C6151A /* Main.storyboard in Resources */,
			);
			runOnlyForDeploymentPostprocessing = 0;
		};
		5E5C18661DA2925700C6151A /* Resources */ = {
			isa = PBXResourcesBuildPhase;
			buildActionMask = 2147483647;
			files = (
			);
			runOnlyForDeploymentPostprocessing = 0;
		};
		5E5C18711DA2925700C6151A /* Resources */ = {
			isa = PBXResourcesBuildPhase;
			buildActionMask = 2147483647;
			files = (
			);
			runOnlyForDeploymentPostprocessing = 0;
		};
/* End PBXResourcesBuildPhase section */

/* Begin PBXSourcesBuildPhase section */
		5E5C18531DA2925600C6151A /* Sources */ = {
			isa = PBXSourcesBuildPhase;
			buildActionMask = 2147483647;
			files = (
				5E5C185D1DA2925600C6151A /* ViewController.swift in Sources */,
				5E5C185B1DA2925600C6151A /* AppDelegate.swift in Sources */,
			);
			runOnlyForDeploymentPostprocessing = 0;
		};
		5E5C18641DA2925700C6151A /* Sources */ = {
			isa = PBXSourcesBuildPhase;
			buildActionMask = 2147483647;
			files = (
				5E5C186D1DA2925700C6151A /* HelloWorldTests.swift in Sources */,
			);
			runOnlyForDeploymentPostprocessing = 0;
		};
		5E5C186F1DA2925700C6151A /* Sources */ = {
			isa = PBXSourcesBuildPhase;
			buildActionMask = 2147483647;
			files = (
				5E5C18781DA2925700C6151A /* HelloWorldUITests.swift in Sources */,
			);
			runOnlyForDeploymentPostprocessing = 0;
		};
/* End PBXSourcesBuildPhase section */

/* Begin PBXTargetDependency section */
		5E5C186A1DA2925700C6151A /* PBXTargetDependency */ = {
			isa = PBXTargetDependency;
			target = 5E5C18561DA2925600C6151A /* HelloWorld */;
			targetProxy = 5E5C18691DA2925700C6151A /* PBXContainerItemProxy */;
		};
		5E5C18751DA2925700C6151A /* PBXTargetDependency */ = {
			isa = PBXTargetDependency;
			target = 5E5C18561DA2925600C6151A /* HelloWorld */;
			targetProxy = 5E5C18741DA2925700C6151A /* PBXContainerItemProxy */;
		};
/* End PBXTargetDependency section */

/* Begin PBXVariantGroup section */
		5E5C18601DA2925600C6151A /* Main.storyboard */ = {
			isa = PBXVariantGroup;
			children = (
				5E5C18611DA2925600C6151A /* Base */,
			);
			name = Main.storyboard;
			sourceTree = "<group>";
		};
/* End PBXVariantGroup section */

/* Begin XCBuildConfiguration section */
		5E5C187A1DA2925700C6151A /* Debug */ = {
			isa = XCBuildConfiguration;
			buildSettings = {
				ALWAYS_SEARCH_USER_PATHS = NO;
				CLANG_CXX_LANGUAGE_STANDARD = "gnu++0x";
				CLANG_CXX_LIBRARY = "libc++";
				CLANG_ENABLE_MODULES = YES;
				CLANG_ENABLE_OBJC_ARC = YES;
				CLANG_WARN_BOOL_CONVERSION = YES;
				CLANG_WARN_CONSTANT_CONVERSION = YES;
				CLANG_WARN_DIRECT_OBJC_ISA_USAGE = YES_ERROR;
				CLANG_WARN_EMPTY_BODY = YES;
				CLANG_WARN_ENUM_CONVERSION = YES;
				CLANG_WARN_INT_CONVERSION = YES;
				CLANG_WARN_OBJC_ROOT_CLASS = YES_ERROR;
				CLANG_WARN_UNREACHABLE_CODE = YES;
				CLANG_WARN__DUPLICATE_METHOD_MATCH = YES;
				CODE_SIGN_IDENTITY = "-";
				COPY_PHASE_STRIP = NO;
				DEBUG_INFORMATION_FORMAT = dwarf;
				ENABLE_STRICT_OBJC_MSGSEND = YES;
				ENABLE_TESTABILITY = YES;
				GCC_C_LANGUAGE_STANDARD = gnu99;
				GCC_DYNAMIC_NO_PIC = NO;
				GCC_NO_COMMON_BLOCKS = YES;
				GCC_OPTIMIZATION_LEVEL = 0;
				GCC_PREPROCESSOR_DEFINITIONS = (
					"DEBUG=1",
					"$(inherited)",
				);
				GCC_WARN_64_TO_32_BIT_CONVERSION = YES;
				GCC_WARN_ABOUT_RETURN_TYPE = YES_ERROR;
				GCC_WARN_UNDECLARED_SELECTOR = YES;
				GCC_WARN_UNINITIALIZED_AUTOS = YES_AGGRESSIVE;
				GCC_WARN_UNUSED_FUNCTION = YES;
				GCC_WARN_UNUSED_VARIABLE = YES;
				MACOSX_DEPLOYMENT_TARGET = 10.11;
				MTL_ENABLE_DEBUG_INFO = YES;
				ONLY_ACTIVE_ARCH = YES;
				SDKROOT = macosx;
				SWIFT_OPTIMIZATION_LEVEL = "-Onone";
			};
			name = Debug;
		};
		5E5C187B1DA2925700C6151A /* Release */ = {
			isa = XCBuildConfiguration;
			buildSettings = {
				ALWAYS_SEARCH_USER_PATHS = NO;
				CLANG_CXX_LANGUAGE_STANDARD = "gnu++0x";
				CLANG_CXX_LIBRARY = "libc++";
				CLANG_ENABLE_MODULES = YES;
				CLANG_ENABLE_OBJC_ARC = YES;
				CLANG_WARN_BOOL_CONVERSION = YES;
				CLANG_WARN_CONSTANT_CONVERSION = YES;
				CLANG_WARN_DIRECT_OBJC_ISA_USAGE = YES_ERROR;
				CLANG_WARN_EMPTY_BODY = YES;
				CLANG_WARN_ENUM_CONVERSION = YES;
				CLANG_WARN_INT_CONVERSION = YES;
				CLANG_WARN_OBJC_ROOT_CLASS = YES_ERROR;
				CLANG_WARN_UNREACHABLE_CODE = YES;
				CLANG_WARN__DUPLICATE_METHOD_MATCH = YES;
				CODE_SIGN_IDENTITY = "-";
				COPY_PHASE_STRIP = NO;
				DEBUG_INFORMATION_FORMAT = "dwarf-with-dsym";
				ENABLE_NS_ASSERTIONS = NO;
				ENABLE_STRICT_OBJC_MSGSEND = YES;
				GCC_C_LANGUAGE_STANDARD = gnu99;
				GCC_NO_COMMON_BLOCKS = YES;
				GCC_WARN_64_TO_32_BIT_CONVERSION = YES;
				GCC_WARN_ABOUT_RETURN_TYPE = YES_ERROR;
				GCC_WARN_UNDECLARED_SELECTOR = YES;
				GCC_WARN_UNINITIALIZED_AUTOS = YES_AGGRESSIVE;
				GCC_WARN_UNUSED_FUNCTION = YES;
				GCC_WARN_UNUSED_VARIABLE = YES;
				MACOSX_DEPLOYMENT_TARGET = 10.11;
				MTL_ENABLE_DEBUG_INFO = NO;
				SDKROOT = macosx;
			};
			name = Release;
		};
		5E5C187D1DA2925700C6151A /* Debug */ = {
			isa = XCBuildConfiguration;
			buildSettings = {
				ASSETCATALOG_COMPILER_APPICON_NAME = AppIcon;
				COMBINE_HIDPI_IMAGES = YES;
				INFOPLIST_FILE = HelloWorld/Info.plist;
				LD_RUNPATH_SEARCH_PATHS = "$(inherited) @executable_path/../Frameworks";
				PRODUCT_BUNDLE_IDENTIFIER = kr.hs.emirim.progh2.HelloWorld;
				PRODUCT_NAME = "$(TARGET_NAME)";
			};
			name = Debug;
		};
		5E5C187E1DA2925700C6151A /* Release */ = {
			isa = XCBuildConfiguration;
			buildSettings = {
				ASSETCATALOG_COMPILER_APPICON_NAME = AppIcon;
				COMBINE_HIDPI_IMAGES = YES;
				INFOPLIST_FILE = HelloWorld/Info.plist;
				LD_RUNPATH_SEARCH_PATHS = "$(inherited) @executable_path/../Frameworks";
				PRODUCT_BUNDLE_IDENTIFIER = kr.hs.emirim.progh2.HelloWorld;
				PRODUCT_NAME = "$(TARGET_NAME)";
			};
			name = Release;
		};
		5E5C18801DA2925700C6151A /* Debug */ = {
			isa = XCBuildConfiguration;
			buildSettings = {
				BUNDLE_LOADER = "$(TEST_HOST)";
				COMBINE_HIDPI_IMAGES = YES;
				INFOPLIST_FILE = HelloWorldTests/Info.plist;
				LD_RUNPATH_SEARCH_PATHS = "$(inherited) @executable_path/../Frameworks @loader_path/../Frameworks";
				PRODUCT_BUNDLE_IDENTIFIER = kr.hs.emirim.progh2.HelloWorldTests;
				PRODUCT_NAME = "$(TARGET_NAME)";
				TEST_HOST = "$(BUILT_PRODUCTS_DIR)/HelloWorld.app/Contents/MacOS/HelloWorld";
			};
			name = Debug;
		};
		5E5C18811DA2925700C6151A /* Release */ = {
			isa = XCBuildConfiguration;
			buildSettings = {
				BUNDLE_LOADER = "$(TEST_HOST)";
				COMBINE_HIDPI_IMAGES = YES;
				INFOPLIST_FILE = HelloWorldTests/Info.plist;
				LD_RUNPATH_SEARCH_PATHS = "$(inherited) @executable_path/../Frameworks @loader_path/../Frameworks";
				PRODUCT_BUNDLE_IDENTIFIER = kr.hs.emirim.progh2.HelloWorldTests;
				PRODUCT_NAME = "$(TARGET_NAME)";
				TEST_HOST = "$(BUILT_PRODUCTS_DIR)/HelloWorld.app/Contents/MacOS/HelloWorld";
			};
			name = Release;
		};
		5E5C18831DA2925700C6151A /* Debug */ = {
			isa = XCBuildConfiguration;
			buildSettings = {
				COMBINE_HIDPI_IMAGES = YES;
				INFOPLIST_FILE = HelloWorldUITests/Info.plist;
				LD_RUNPATH_SEARCH_PATHS = "$(inherited) @executable_path/../Frameworks @loader_path/../Frameworks";
				PRODUCT_BUNDLE_IDENTIFIER = kr.hs.emirim.progh2.HelloWorldUITests;
				PRODUCT_NAME = "$(TARGET_NAME)";
				TEST_TARGET_NAME = HelloWorld;
				USES_XCTRUNNER = YES;
			};
			name = Debug;
		};
		5E5C18841DA2925700C6151A /* Release */ = {
			isa = XCBuildConfiguration;
			buildSettings = {
				COMBINE_HIDPI_IMAGES = YES;
				INFOPLIST_FILE = HelloWorldUITests/Info.plist;
				LD_RUNPATH_SEARCH_PATHS = "$(inherited) @executable_path/../Frameworks @loader_path/../Frameworks";
				PRODUCT_BUNDLE_IDENTIFIER = kr.hs.emirim.progh2.HelloWorldUITests;
				PRODUCT_NAME = "$(TARGET_NAME)";
				TEST_TARGET_NAME = HelloWorld;
				USES_XCTRUNNER = YES;
			};
			name = Release;
		};
/* End XCBuildConfiguration section */

/* Begin XCConfigurationList section */
		5E5C18521DA2925600C6151A /* Build configuration list for PBXProject "HelloWorld" */ = {
			isa = XCConfigurationList;
			buildConfigurations = (
				5E5C187A1DA2925700C6151A /* Debug */,
				5E5C187B1DA2925700C6151A /* Release */,
			);
			defaultConfigurationIsVisible = 0;
			defaultConfigurationName = Release;
		};
		5E5C187C1DA2925700C6151A /* Build configuration list for PBXNativeTarget "HelloWorld" */ = {
			isa = XCConfigurationList;
			buildConfigurations = (
				5E5C187D1DA2925700C6151A /* Debug */,
				5E5C187E1DA2925700C6151A /* Release */,
			);
			defaultConfigurationIsVisible = 0;
		};
		5E5C187F1DA2925700C6151A /* Build configuration list for PBXNativeTarget "HelloWorldTests" */ = {
			isa = XCConfigurationList;
			buildConfigurations = (
				5E5C18801DA2925700C6151A /* Debug */,
				5E5C18811DA2925700C6151A /* Release */,
			);
			defaultConfigurationIsVisible = 0;
		};
		5E5C18821DA2925700C6151A /* Build configuration list for PBXNativeTarget "HelloWorldUITests" */ = {
			isa = XCConfigurationList;
			buildConfigurations = (
				5E5C18831DA2925700C6151A /* Debug */,
				5E5C18841DA2925700C6151A /* Release */,
			);
			defaultConfigurationIsVisible = 0;
		};
/* End XCConfigurationList section */
	};
	rootObject = 5E5C184F1DA2925600C6151A /* Project object */;
}
